
Microsoft Visual Studio Solution File, Format Version 12.00
# Visual Studio Version 17
VisualStudioVersion = 17.7.34221.43
MinimumVisualStudioVersion = 10.0.40219.1
Project("{FAE04EC0-301F-11D3-BF4B-00C04F79EFBC}") = "ManagedLibrary", "ManagedLibrary.csproj", "{B5A3EE0B-3D8F-46A9-A21C-5D00E30583C9}"
EndProject
Global
	GlobalSection(SolutionConfigurationPlatforms) = preSolution
		Debug|Any CPU = Debug|Any CPU
		Release|Any CPU = Release|Any CPU
	EndGlobalSection
	GlobalSection(ProjectConfigurationPlatforms) = postSolution
		{B5A3EE0B-3D8F-46A9-A21C-5D00E30583C9}.Debug|Any CPU.ActiveCfg = Debug|Any CPU
		{B5A3EE0B-3D8F-46A9-A21C-5D00E30583C9}.Debug|Any CPU.Build.0 = Debug|Any CPU
		{B5A3EE0B-3D8F-46A9-A21C-5D00E30583C9}.Release|Any CPU.ActiveCfg = Release|Any CPU
		{B5A3EE0B-3D8F-46A9-A21C-5D00E30583C9}.Release|Any CPU.Build.0 = Release|Any CPU
	EndGlobalSection
	GlobalSection(SolutionProperties) = preSolution
		HideSolutionNode = FALSE
	EndGlobalSection
	GlobalSection(ExtensibilityGlobals) = postSolution
		SolutionGuid = {F5BD48B0-41EE-4646-B9F0-71EAA0B08700}
	EndGlobalSection
EndGlobal
